
Microsoft Visual Studio Solution File, Format Version 12.00
# Visual Studio 15
VisualStudioVersion = 15.0.28307.757
MinimumVisualStudioVersion = 10.0.40219.1
Project("{FAE04EC0-301F-11D3-BF4B-00C04F79EFBC}") = "MvcAuth", "MvcAuth\MvcAuth.csproj", "{FEB0AA83-06A6-49B2-AB04-F3ADB19AD1CE}"
EndProject
Global
	GlobalSection(SolutionConfigurationPlatforms) = preSolution
		Debug|Any CPU = Debug|Any CPU
		Release|Any CPU = Release|Any CPU
	EndGlobalSection
	GlobalSection(ProjectConfigurationPlatforms) = postSolution
		{FEB0AA83-06A6-49B2-AB04-F3ADB19AD1CE}.Debug|Any CPU.ActiveCfg = Debug|Any CPU
		{FEB0AA83-06A6-49B2-AB04-F3ADB19AD1CE}.Debug|Any CPU.Build.0 = Debug|Any CPU
		{FEB0AA83-06A6-49B2-AB04-F3ADB19AD1CE}.Release|Any CPU.ActiveCfg = Release|Any CPU
		{FEB0AA83-06A6-49B2-AB04-F3ADB19AD1CE}.Release|Any CPU.Build.0 = Release|Any CPU
	EndGlobalSection
	GlobalSection(SolutionProperties) = preSolution
		HideSolutionNode = FALSE
	EndGlobalSection
	GlobalSection(ExtensibilityGlobals) = postSolution
		SolutionGuid = {3E451A2C-EC71-4EAA-A8C0-27106CE9174B}
	EndGlobalSection
EndGlobal
